
Microsoft Visual Studio Solution File, Format Version 12.00
# Visual Studio 15
VisualStudioVersion = 15.0.27130.2010
MinimumVisualStudioVersion = 10.0.40219.1
Project("{FAE04EC0-301F-11D3-BF4B-00C04F79EFBC}") = "BrnoMVC1.Web", "BrnoMVC1.Web\BrnoMVC1.Web.csproj", "{A11FCA5D-7D8D-4EB2-8C07-0697F2592F97}"
EndProject
Project("{FAE04EC0-301F-11D3-BF4B-00C04F79EFBC}") = "BrnoMVC1.Tests", "BrnoMVC1.Tests\BrnoMVC1.Tests.csproj", "{F8F30719-D104-4567-80CA-D8539B1CCCE5}"
EndProject
Project("{FAE04EC0-301F-11D3-BF4B-00C04F79EFBC}") = "BrnoMVC1.Business", "BrnoMVC1.Business\BrnoMVC1.Business.csproj", "{C5337AA2-9AC5-413E-B344-A3A4A198757B}"
EndProject
Global
	GlobalSection(SolutionConfigurationPlatforms) = preSolution
		Debug|Any CPU = Debug|Any CPU
		Release|Any CPU = Release|Any CPU
	EndGlobalSection
	GlobalSection(ProjectConfigurationPlatforms) = postSolution
		{A11FCA5D-7D8D-4EB2-8C07-0697F2592F97}.Debug|Any CPU.ActiveCfg = Debug|Any CPU
		{A11FCA5D-7D8D-4EB2-8C07-0697F2592F97}.Debug|Any CPU.Build.0 = Debug|Any CPU
		{A11FCA5D-7D8D-4EB2-8C07-0697F2592F97}.Release|Any CPU.ActiveCfg = Release|Any CPU
		{A11FCA5D-7D8D-4EB2-8C07-0697F2592F97}.Release|Any CPU.Build.0 = Release|Any CPU
		{F8F30719-D104-4567-80CA-D8539B1CCCE5}.Debug|Any CPU.ActiveCfg = Debug|Any CPU
		{F8F30719-D104-4567-80CA-D8539B1CCCE5}.Debug|Any CPU.Build.0 = Debug|Any CPU
		{F8F30719-D104-4567-80CA-D8539B1CCCE5}.Release|Any CPU.ActiveCfg = Release|Any CPU
		{F8F30719-D104-4567-80CA-D8539B1CCCE5}.Release|Any CPU.Build.0 = Release|Any CPU
		{C5337AA2-9AC5-413E-B344-A3A4A198757B}.Debug|Any CPU.ActiveCfg = Debug|Any CPU
		{C5337AA2-9AC5-413E-B344-A3A4A198757B}.Debug|Any CPU.Build.0 = Debug|Any CPU
		{C5337AA2-9AC5-413E-B344-A3A4A198757B}.Release|Any CPU.ActiveCfg = Release|Any CPU
		{C5337AA2-9AC5-413E-B344-A3A4A198757B}.Release|Any CPU.Build.0 = Release|Any CPU
	EndGlobalSection
	GlobalSection(SolutionProperties) = preSolution
		HideSolutionNode = FALSE
	EndGlobalSection
	GlobalSection(ExtensibilityGlobals) = postSolution
		SolutionGuid = {4EC666C6-560F-4F2F-9575-FDBCB777C234}
	EndGlobalSection
EndGlobal
